
Microsoft Visual Studio Solution File, Format Version 12.00
# Visual Studio Version 16
VisualStudioVersion = 16.0.31129.286
MinimumVisualStudioVersion = 10.0.40219.1
Project("{FAE04EC0-301F-11D3-BF4B-00C04F79EFBC}") = "outreference", "outreference\outreference.csproj", "{D61323F5-38D6-4371-92C3-89350A37AF6F}"
EndProject
Global
	GlobalSection(SolutionConfigurationPlatforms) = preSolution
		Debug|Any CPU = Debug|Any CPU
		Release|Any CPU = Release|Any CPU
	EndGlobalSection
	GlobalSection(ProjectConfigurationPlatforms) = postSolution
		{D61323F5-38D6-4371-92C3-89350A37AF6F}.Debug|Any CPU.ActiveCfg = Debug|Any CPU
		{D61323F5-38D6-4371-92C3-89350A37AF6F}.Debug|Any CPU.Build.0 = Debug|Any CPU
		{D61323F5-38D6-4371-92C3-89350A37AF6F}.Release|Any CPU.ActiveCfg = Release|Any CPU
		{D61323F5-38D6-4371-92C3-89350A37AF6F}.Release|Any CPU.Build.0 = Release|Any CPU
	EndGlobalSection
	GlobalSection(SolutionProperties) = preSolution
		HideSolutionNode = FALSE
	EndGlobalSection
	GlobalSection(ExtensibilityGlobals) = postSolution
		SolutionGuid = {0E81F9F6-F34C-48CF-A437-7EA736153A32}
	EndGlobalSection
EndGlobal
